
Microsoft Visual Studio Solution File, Format Version 12.00
# Visual Studio 15
VisualStudioVersion = 15.0.28307.572
MinimumVisualStudioVersion = 10.0.40219.1
Project("{FAE04EC0-301F-11D3-BF4B-00C04F79EFBC}") = "Weighted sum of digits", "Weighted sum of digits\Weighted sum of digits.csproj", "{BA100EE3-35B2-4506-BE26-F3ADE7FDE022}"
EndProject
Global
	GlobalSection(SolutionConfigurationPlatforms) = preSolution
		Debug|Any CPU = Debug|Any CPU
		Release|Any CPU = Release|Any CPU
	EndGlobalSection
	GlobalSection(ProjectConfigurationPlatforms) = postSolution
		{BA100EE3-35B2-4506-BE26-F3ADE7FDE022}.Debug|Any CPU.ActiveCfg = Debug|Any CPU
		{BA100EE3-35B2-4506-BE26-F3ADE7FDE022}.Debug|Any CPU.Build.0 = Debug|Any CPU
		{BA100EE3-35B2-4506-BE26-F3ADE7FDE022}.Release|Any CPU.ActiveCfg = Release|Any CPU
		{BA100EE3-35B2-4506-BE26-F3ADE7FDE022}.Release|Any CPU.Build.0 = Release|Any CPU
	EndGlobalSection
	GlobalSection(SolutionProperties) = preSolution
		HideSolutionNode = FALSE
	EndGlobalSection
	GlobalSection(ExtensibilityGlobals) = postSolution
		SolutionGuid = {FB6D0457-1DA5-459E-8E89-9D8975940F72}
	EndGlobalSection
EndGlobal
